
Microsoft Visual Studio Solution File, Format Version 12.00
# Visual Studio 2012
Project("{8BC9CEB8-8B4A-11D0-8D11-00A0C91BC942}") = "BIG2_SRC", "BIG2_SRC.vcxproj", "{AC4027BF-B49D-4DD0-A728-34D5F7636E03}"
EndProject
Global
	GlobalSection(SolutionConfigurationPlatforms) = preSolution
		Debug|Win32 = Debug|Win32
		Release|Win32 = Release|Win32
	EndGlobalSection
	GlobalSection(ProjectConfigurationPlatforms) = postSolution
		{AC4027BF-B49D-4DD0-A728-34D5F7636E03}.Debug|Win32.ActiveCfg = Debug|Win32
		{AC4027BF-B49D-4DD0-A728-34D5F7636E03}.Debug|Win32.Build.0 = Debug|Win32
		{AC4027BF-B49D-4DD0-A728-34D5F7636E03}.Release|Win32.ActiveCfg = Release|Win32
		{AC4027BF-B49D-4DD0-A728-34D5F7636E03}.Release|Win32.Build.0 = Release|Win32
	EndGlobalSection
	GlobalSection(SolutionProperties) = preSolution
		HideSolutionNode = FALSE
	EndGlobalSection
EndGlobal
